
Microsoft Visual Studio Solution File, Format Version 12.00
# Visual Studio Version 17
VisualStudioVersion = 17.11.35327.3
MinimumVisualStudioVersion = 10.0.40219.1
Project("{8BC9CEB8-8B4A-11D0-8D11-00A0C91BC942}") = "Arrays", "Arrays\Arrays.vcxproj", "{205C836C-C8BB-4900-A1F1-93771573F791}"
EndProject
Project("{8BC9CEB8-8B4A-11D0-8D11-00A0C91BC942}") = "Shift", "Shift\Shift.vcxproj", "{8DF45654-052A-48F2-A2B0-786A43BCFF58}"
EndProject
Project("{8BC9CEB8-8B4A-11D0-8D11-00A0C91BC942}") = "Numerics", "Numerics\Numerics.vcxproj", "{36AA4A5A-4431-4066-A2C4-92D0435531EB}"
EndProject
Project("{8BC9CEB8-8B4A-11D0-8D11-00A0C91BC942}") = "Unique", "Unique\Unique.vcxproj", "{1B5E6A83-F549-4048-B340-BF34D6E672B8}"
EndProject
Project("{8BC9CEB8-8B4A-11D0-8D11-00A0C91BC942}") = "Repeats", "Repeats\Repeats.vcxproj", "{48A3306C-D4D5-44AD-ACB6-F2E819800E4F}"
EndProject
Project("{8BC9CEB8-8B4A-11D0-8D11-00A0C91BC942}") = "Unique2", "Unique2\Unique2.vcxproj", "{619DCE4B-672A-44BD-A8DC-C8CE92B24B7E}"
EndProject
Global
	GlobalSection(SolutionConfigurationPlatforms) = preSolution
		Debug|x64 = Debug|x64
		Debug|x86 = Debug|x86
		Release|x64 = Release|x64
		Release|x86 = Release|x86
	EndGlobalSection
	GlobalSection(ProjectConfigurationPlatforms) = postSolution
		{205C836C-C8BB-4900-A1F1-93771573F791}.Debug|x64.ActiveCfg = Debug|x64
		{205C836C-C8BB-4900-A1F1-93771573F791}.Debug|x64.Build.0 = Debug|x64
		{205C836C-C8BB-4900-A1F1-93771573F791}.Debug|x86.ActiveCfg = Debug|Win32
		{205C836C-C8BB-4900-A1F1-93771573F791}.Debug|x86.Build.0 = Debug|Win32
		{205C836C-C8BB-4900-A1F1-93771573F791}.Release|x64.ActiveCfg = Release|x64
		{205C836C-C8BB-4900-A1F1-93771573F791}.Release|x64.Build.0 = Release|x64
		{205C836C-C8BB-4900-A1F1-93771573F791}.Release|x86.ActiveCfg = Release|Win32
		{205C836C-C8BB-4900-A1F1-93771573F791}.Release|x86.Build.0 = Release|Win32
		{8DF45654-052A-48F2-A2B0-786A43BCFF58}.Debug|x64.ActiveCfg = Debug|x64
		{8DF45654-052A-48F2-A2B0-786A43BCFF58}.Debug|x64.Build.0 = Debug|x64
		{8DF45654-052A-48F2-A2B0-786A43BCFF58}.Debug|x86.ActiveCfg = Debug|Win32
		{8DF45654-052A-48F2-A2B0-786A43BCFF58}.Debug|x86.Build.0 = Debug|Win32
		{8DF45654-052A-48F2-A2B0-786A43BCFF58}.Release|x64.ActiveCfg = Release|x64
		{8DF45654-052A-48F2-A2B0-786A43BCFF58}.Release|x64.Build.0 = Release|x64
		{8DF45654-052A-48F2-A2B0-786A43BCFF58}.Release|x86.ActiveCfg = Release|Win32
		{8DF45654-052A-48F2-A2B0-786A43BCFF58}.Release|x86.Build.0 = Release|Win32
		{36AA4A5A-4431-4066-A2C4-92D0435531EB}.Debug|x64.ActiveCfg = Debug|x64
		{36AA4A5A-4431-4066-A2C4-92D0435531EB}.Debug|x64.Build.0 = Debug|x64
		{36AA4A5A-4431-4066-A2C4-92D0435531EB}.Debug|x86.ActiveCfg = Debug|Win32
		{36AA4A5A-4431-4066-A2C4-92D0435531EB}.Debug|x86.Build.0 = Debug|Win32
		{36AA4A5A-4431-4066-A2C4-92D0435531EB}.Release|x64.ActiveCfg = Release|x64
		{36AA4A5A-4431-4066-A2C4-92D0435531EB}.Release|x64.Build.0 = Release|x64
		{36AA4A5A-4431-4066-A2C4-92D0435531EB}.Release|x86.ActiveCfg = Release|Win32
		{36AA4A5A-4431-4066-A2C4-92D0435531EB}.Release|x86.Build.0 = Release|Win32
		{1B5E6A83-F549-4048-B340-BF34D6E672B8}.Debug|x64.ActiveCfg = Debug|x64
		{1B5E6A83-F549-4048-B340-BF34D6E672B8}.Debug|x64.Build.0 = Debug|x64
		{1B5E6A83-F549-4048-B340-BF34D6E672B8}.Debug|x86.ActiveCfg = Debug|Win32
		{1B5E6A83-F549-4048-B340-BF34D6E672B8}.Debug|x86.Build.0 = Debug|Win32
		{1B5E6A83-F549-4048-B340-BF34D6E672B8}.Release|x64.ActiveCfg = Release|x64
		{1B5E6A83-F549-4048-B340-BF34D6E672B8}.Release|x64.Build.0 = Release|x64
		{1B5E6A83-F549-4048-B340-BF34D6E672B8}.Release|x86.ActiveCfg = Release|Win32
		{1B5E6A83-F549-4048-B340-BF34D6E672B8}.Release|x86.Build.0 = Release|Win32
		{48A3306C-D4D5-44AD-ACB6-F2E819800E4F}.Debug|x64.ActiveCfg = Debug|x64
		{48A3306C-D4D5-44AD-ACB6-F2E819800E4F}.Debug|x64.Build.0 = Debug|x64
		{48A3306C-D4D5-44AD-ACB6-F2E819800E4F}.Debug|x86.ActiveCfg = Debug|Win32
		{48A3306C-D4D5-44AD-ACB6-F2E819800E4F}.Debug|x86.Build.0 = Debug|Win32
		{48A3306C-D4D5-44AD-ACB6-F2E819800E4F}.Release|x64.ActiveCfg = Release|x64
		{48A3306C-D4D5-44AD-ACB6-F2E819800E4F}.Release|x64.Build.0 = Release|x64
		{48A3306C-D4D5-44AD-ACB6-F2E819800E4F}.Release|x86.ActiveCfg = Release|Win32
		{48A3306C-D4D5-44AD-ACB6-F2E819800E4F}.Release|x86.Build.0 = Release|Win32
		{619DCE4B-672A-44BD-A8DC-C8CE92B24B7E}.Debug|x64.ActiveCfg = Debug|x64
		{619DCE4B-672A-44BD-A8DC-C8CE92B24B7E}.Debug|x64.Build.0 = Debug|x64
		{619DCE4B-672A-44BD-A8DC-C8CE92B24B7E}.Debug|x86.ActiveCfg = Debug|Win32
		{619DCE4B-672A-44BD-A8DC-C8CE92B24B7E}.Debug|x86.Build.0 = Debug|Win32
		{619DCE4B-672A-44BD-A8DC-C8CE92B24B7E}.Release|x64.ActiveCfg = Release|x64
		{619DCE4B-672A-44BD-A8DC-C8CE92B24B7E}.Release|x64.Build.0 = Release|x64
		{619DCE4B-672A-44BD-A8DC-C8CE92B24B7E}.Release|x86.ActiveCfg = Release|Win32
		{619DCE4B-672A-44BD-A8DC-C8CE92B24B7E}.Release|x86.Build.0 = Release|Win32
	EndGlobalSection
	GlobalSection(SolutionProperties) = preSolution
		HideSolutionNode = FALSE
	EndGlobalSection
	GlobalSection(ExtensibilityGlobals) = postSolution
		SolutionGuid = {62A05566-EBF0-4EB3-82CD-F2720D2C43E1}
	EndGlobalSection
EndGlobal
